
Microsoft Visual Studio Solution File, Format Version 12.00
# Visual Studio Version 16
VisualStudioVersion = 16.0.30907.101
MinimumVisualStudioVersion = 10.0.40219.1
Project("{FAE04EC0-301F-11D3-BF4B-00C04F79EFBC}") = "EJERCICIO2", "EJERCICIO2\EJERCICIO2.csproj", "{68BC3F77-B6A8-4FE9-B4E6-741EFD02F9AA}"
EndProject
Global
	GlobalSection(SolutionConfigurationPlatforms) = preSolution
		Debug|Any CPU = Debug|Any CPU
		Release|Any CPU = Release|Any CPU
	EndGlobalSection
	GlobalSection(ProjectConfigurationPlatforms) = postSolution
		{68BC3F77-B6A8-4FE9-B4E6-741EFD02F9AA}.Debug|Any CPU.ActiveCfg = Debug|Any CPU
		{68BC3F77-B6A8-4FE9-B4E6-741EFD02F9AA}.Debug|Any CPU.Build.0 = Debug|Any CPU
		{68BC3F77-B6A8-4FE9-B4E6-741EFD02F9AA}.Release|Any CPU.ActiveCfg = Release|Any CPU
		{68BC3F77-B6A8-4FE9-B4E6-741EFD02F9AA}.Release|Any CPU.Build.0 = Release|Any CPU
	EndGlobalSection
	GlobalSection(SolutionProperties) = preSolution
		HideSolutionNode = FALSE
	EndGlobalSection
	GlobalSection(ExtensibilityGlobals) = postSolution
		SolutionGuid = {783EDDB8-8860-4E6F-ABDA-7B9509F8B444}
	EndGlobalSection
EndGlobal
